
Microsoft Visual Studio Solution File, Format Version 12.00
# Visual Studio Version 16
VisualStudioVersion = 16.0.31205.134
MinimumVisualStudioVersion = 10.0.40219.1
Project("{FAE04EC0-301F-11D3-BF4B-00C04F79EFBC}") = "RMDataManager", "RMDataManager\RMDataManager.csproj", "{815FD0CC-E961-491C-A2A9-F92E0BEC7851}"
EndProject
Project("{00D1A9C2-B5F0-4AF3-8072-F6C62B433612}") = "RMData", "RMData\RMData.sqlproj", "{915B4578-8D9E-4F12-B794-252E6F130D02}"
EndProject
Global
	GlobalSection(SolutionConfigurationPlatforms) = preSolution
		Debug|Any CPU = Debug|Any CPU
		Release|Any CPU = Release|Any CPU
	EndGlobalSection
	GlobalSection(ProjectConfigurationPlatforms) = postSolution
		{815FD0CC-E961-491C-A2A9-F92E0BEC7851}.Debug|Any CPU.ActiveCfg = Debug|Any CPU
		{815FD0CC-E961-491C-A2A9-F92E0BEC7851}.Debug|Any CPU.Build.0 = Debug|Any CPU
		{815FD0CC-E961-491C-A2A9-F92E0BEC7851}.Release|Any CPU.ActiveCfg = Release|Any CPU
		{815FD0CC-E961-491C-A2A9-F92E0BEC7851}.Release|Any CPU.Build.0 = Release|Any CPU
		{915B4578-8D9E-4F12-B794-252E6F130D02}.Debug|Any CPU.ActiveCfg = Debug|Any CPU
		{915B4578-8D9E-4F12-B794-252E6F130D02}.Debug|Any CPU.Build.0 = Debug|Any CPU
		{915B4578-8D9E-4F12-B794-252E6F130D02}.Debug|Any CPU.Deploy.0 = Debug|Any CPU
		{915B4578-8D9E-4F12-B794-252E6F130D02}.Release|Any CPU.ActiveCfg = Release|Any CPU
		{915B4578-8D9E-4F12-B794-252E6F130D02}.Release|Any CPU.Build.0 = Release|Any CPU
		{915B4578-8D9E-4F12-B794-252E6F130D02}.Release|Any CPU.Deploy.0 = Release|Any CPU
	EndGlobalSection
	GlobalSection(SolutionProperties) = preSolution
		HideSolutionNode = FALSE
	EndGlobalSection
	GlobalSection(ExtensibilityGlobals) = postSolution
		SolutionGuid = {4B73210B-D680-4797-925A-E4D01EB6B5FE}
	EndGlobalSection
EndGlobal
